
Microsoft Visual Studio Solution File, Format Version 12.00
# Visual Studio Version 17
VisualStudioVersion = 17.1.32421.90
MinimumVisualStudioVersion = 10.0.40219.1
Project("{FAE04EC0-301F-11D3-BF4B-00C04F79EFBC}") = "IgorKL.ACAD3.Model", "IgorKL.ACAD3.Model\IgorKL.ACAD3.Model.csproj", "{0D50CC5B-3089-44B3-9C2B-A9D76DC873BC}"
EndProject
Project("{FAE04EC0-301F-11D3-BF4B-00C04F79EFBC}") = "IgorKL.ACAD3.Customization", "IgorKL.Customization\IgorKL.ACAD3.Customization.csproj", "{6B2833C8-5924-4836-9745-F1920FC37CB8}"
	ProjectSection(ProjectDependencies) = postProject
		{0D50CC5B-3089-44B3-9C2B-A9D76DC873BC} = {0D50CC5B-3089-44B3-9C2B-A9D76DC873BC}
	EndProjectSection
EndProject
Global
	GlobalSection(SolutionConfigurationPlatforms) = preSolution
		Debug|Any CPU = Debug|Any CPU
		Debug|Mixed Platforms = Debug|Mixed Platforms
		Debug|x64 = Debug|x64
		Debug|x86 = Debug|x86
		Release|Any CPU = Release|Any CPU
		Release|Mixed Platforms = Release|Mixed Platforms
		Release|x64 = Release|x64
		Release|x86 = Release|x86
	EndGlobalSection
	GlobalSection(ProjectConfigurationPlatforms) = postSolution
		{0D50CC5B-3089-44B3-9C2B-A9D76DC873BC}.Debug|Any CPU.ActiveCfg = Debug|Any CPU
		{0D50CC5B-3089-44B3-9C2B-A9D76DC873BC}.Debug|Any CPU.Build.0 = Debug|Any CPU
		{0D50CC5B-3089-44B3-9C2B-A9D76DC873BC}.Debug|Mixed Platforms.ActiveCfg = Debug|Any CPU
		{0D50CC5B-3089-44B3-9C2B-A9D76DC873BC}.Debug|Mixed Platforms.Build.0 = Debug|Any CPU
		{0D50CC5B-3089-44B3-9C2B-A9D76DC873BC}.Debug|x64.ActiveCfg = Debug|Any CPU
		{0D50CC5B-3089-44B3-9C2B-A9D76DC873BC}.Debug|x64.Build.0 = Debug|Any CPU
		{0D50CC5B-3089-44B3-9C2B-A9D76DC873BC}.Debug|x86.ActiveCfg = Debug|Any CPU
		{0D50CC5B-3089-44B3-9C2B-A9D76DC873BC}.Debug|x86.Build.0 = Debug|Any CPU
		{0D50CC5B-3089-44B3-9C2B-A9D76DC873BC}.Release|Any CPU.ActiveCfg = Release|Any CPU
		{0D50CC5B-3089-44B3-9C2B-A9D76DC873BC}.Release|Any CPU.Build.0 = Release|Any CPU
		{0D50CC5B-3089-44B3-9C2B-A9D76DC873BC}.Release|Mixed Platforms.ActiveCfg = Release|Any CPU
		{0D50CC5B-3089-44B3-9C2B-A9D76DC873BC}.Release|Mixed Platforms.Build.0 = Release|Any CPU
		{0D50CC5B-3089-44B3-9C2B-A9D76DC873BC}.Release|x64.ActiveCfg = Release|Any CPU
		{0D50CC5B-3089-44B3-9C2B-A9D76DC873BC}.Release|x64.Build.0 = Release|Any CPU
		{0D50CC5B-3089-44B3-9C2B-A9D76DC873BC}.Release|x86.ActiveCfg = Release|Any CPU
		{0D50CC5B-3089-44B3-9C2B-A9D76DC873BC}.Release|x86.Build.0 = Release|Any CPU
		{6B2833C8-5924-4836-9745-F1920FC37CB8}.Debug|Any CPU.ActiveCfg = Debug|Any CPU
		{6B2833C8-5924-4836-9745-F1920FC37CB8}.Debug|Any CPU.Build.0 = Debug|Any CPU
		{6B2833C8-5924-4836-9745-F1920FC37CB8}.Debug|Mixed Platforms.ActiveCfg = Debug|Any CPU
		{6B2833C8-5924-4836-9745-F1920FC37CB8}.Debug|Mixed Platforms.Build.0 = Debug|Any CPU
		{6B2833C8-5924-4836-9745-F1920FC37CB8}.Debug|x64.ActiveCfg = Debug|Any CPU
		{6B2833C8-5924-4836-9745-F1920FC37CB8}.Debug|x64.Build.0 = Debug|Any CPU
		{6B2833C8-5924-4836-9745-F1920FC37CB8}.Debug|x86.ActiveCfg = Debug|Any CPU
		{6B2833C8-5924-4836-9745-F1920FC37CB8}.Debug|x86.Build.0 = Debug|Any CPU
		{6B2833C8-5924-4836-9745-F1920FC37CB8}.Release|Any CPU.ActiveCfg = Release|Any CPU
		{6B2833C8-5924-4836-9745-F1920FC37CB8}.Release|Any CPU.Build.0 = Release|Any CPU
		{6B2833C8-5924-4836-9745-F1920FC37CB8}.Release|Mixed Platforms.ActiveCfg = Release|Any CPU
		{6B2833C8-5924-4836-9745-F1920FC37CB8}.Release|Mixed Platforms.Build.0 = Release|Any CPU
		{6B2833C8-5924-4836-9745-F1920FC37CB8}.Release|x64.ActiveCfg = Release|Any CPU
		{6B2833C8-5924-4836-9745-F1920FC37CB8}.Release|x64.Build.0 = Release|Any CPU
		{6B2833C8-5924-4836-9745-F1920FC37CB8}.Release|x86.ActiveCfg = Release|Any CPU
		{6B2833C8-5924-4836-9745-F1920FC37CB8}.Release|x86.Build.0 = Release|Any CPU
	EndGlobalSection
	GlobalSection(SolutionProperties) = preSolution
		HideSolutionNode = FALSE
	EndGlobalSection
	GlobalSection(ExtensibilityGlobals) = postSolution
		SolutionGuid = {6836B1B7-BC75-4AD2-85C4-AFD873252168}
	EndGlobalSection
EndGlobal
